// !$*UTF8*$!
{
	archiveVersion = 1;
	classes = {
	};
	objectVersion = 56;
	objects = {

/* Begin PBXBuildFile section */
		65EAD52228FEF7580054C32F /* M4App.swift in Sources */ = {isa = PBXBuildFile; fileRef = 65EAD52128FEF7580054C32F /* M4App.swift */; };
		65EAD52428FEF7580054C32F /* ContentView.swift in Sources */ = {isa = PBXBuildFile; fileRef = 65EAD52328FEF7580054C32F /* ContentView.swift */; };
		65EAD52628FEF75A0054C32F /* Assets.xcassets in Resources */ = {isa = PBXBuildFile; fileRef = 65EAD52528FEF75A0054C32F /* Assets.xcassets */; };
		65EAD52928FEF75A0054C32F /* Preview Assets.xcassets in Resources */ = {isa = PBXBuildFile; fileRef = 65EAD52828FEF75A0054C32F /* Preview Assets.xcassets */; };
		65EAD53028FEF7AD0054C32F /* Data.json in Resources */ = {isa = PBXBuildFile; fileRef = 65EAD52F28FEF7AD0054C32F /* Data.json */; };
		65EAD53228FEF7DC0054C32F /* ViewModel.swift in Sources */ = {isa = PBXBuildFile; fileRef = 65EAD53128FEF7DC0054C32F /* ViewModel.swift */; };
		65EAD53428FEF8070054C32F /* Book.swift in Sources */ = {isa = PBXBuildFile; fileRef = 65EAD53328FEF8070054C32F /* Book.swift */; };
		65EAD53628FEFB420054C32F /* BookView.swift in Sources */ = {isa = PBXBuildFile; fileRef = 65EAD53528FEFB420054C32F /* BookView.swift */; };
		65EAD53828FEFC420054C32F /* ReadingView.swift in Sources */ = {isa = PBXBuildFile; fileRef = 65EAD53728FEFC420054C32F /* ReadingView.swift */; };
/* End PBXBuildFile section */

/* Begin PBXFileReference section */
		65EAD51E28FEF7580054C32F /* M4.app */ = {isa = PBXFileReference; explicitFileType = wrapper.application; includeInIndex = 0; path = M4.app; sourceTree = BUILT_PRODUCTS_DIR; };
		65EAD52128FEF7580054C32F /* M4App.swift */ = {isa = PBXFileReference; lastKnownFileType = sourcecode.swift; path = M4App.swift; sourceTree = "<group>"; };
		65EAD52328FEF7580054C32F /* ContentView.swift */ = {isa = PBXFileReference; lastKnownFileType = sourcecode.swift; path = ContentView.swift; sourceTree = "<group>"; };
		65EAD52528FEF75A0054C32F /* Assets.xcassets */ = {isa = PBXFileReference; lastKnownFileType = folder.assetcatalog; path = Assets.xcassets; sourceTree = "<group>"; };
		65EAD52828FEF75A0054C32F /* Preview Assets.xcassets */ = {isa = PBXFileReference; lastKnownFileType = folder.assetcatalog; path = "Preview Assets.xcassets"; sourceTree = "<group>"; };
		65EAD52F28FEF7AD0054C32F /* Data.json */ = {isa = PBXFileReference; fileEncoding = 4; lastKnownFileType = text.json; path = Data.json; sourceTree = "<group>"; };
		65EAD53128FEF7DC0054C32F /* ViewModel.swift */ = {isa = PBXFileReference; lastKnownFileType = sourcecode.swift; path = ViewModel.swift; sourceTree = "<group>"; };
		65EAD53328FEF8070054C32F /* Book.swift */ = {isa = PBXFileReference; lastKnownFileType = sourcecode.swift; path = Book.swift; sourceTree = "<group>"; };
		65EAD53528FEFB420054C32F /* BookView.swift */ = {isa = PBXFileReference; lastKnownFileType = sourcecode.swift; path = BookView.swift; sourceTree = "<group>"; };
		65EAD53728FEFC420054C32F /* ReadingView.swift */ = {isa = PBXFileReference; lastKnownFileType = sourcecode.swift; path = ReadingView.swift; sourceTree = "<group>"; };
/* End PBXFileReference section */

/* Begin PBXFrameworksBuildPhase section */
		65EAD51B28FEF7580054C32F /* Frameworks */ = {
			isa = PBXFrameworksBuildPhase;
			buildActionMask = 2147483647;
			files = (
			);
			runOnlyForDeploymentPostprocessing = 0;
		};
/* End PBXFrameworksBuildPhase section */

/* Begin PBXGroup section */
		65EAD51528FEF7580054C32F = {
			isa = PBXGroup;
			children = (
				65EAD52028FEF7580054C32F /* M4 */,
				65EAD51F28FEF7580054C32F /* Products */,
			);
			sourceTree = "<group>";
		};
		65EAD51F28FEF7580054C32F /* Products */ = {
			isa = PBXGroup;
			children = (
				65EAD51E28FEF7580054C32F /* M4.app */,
			);
			name = Products;
			sourceTree = "<group>";
		};
		65EAD52028FEF7580054C32F /* M4 */ = {
			isa = PBXGroup;
			children = (
				65EAD52128FEF7580054C32F /* M4App.swift */,
				65EAD52328FEF7580054C32F /* ContentView.swift */,
				65EAD53528FEFB420054C32F /* BookView.swift */,
				65EAD53728FEFC420054C32F /* ReadingView.swift */,
				65EAD53128FEF7DC0054C32F /* ViewModel.swift */,
				65EAD52F28FEF7AD0054C32F /* Data.json */,
				65EAD53328FEF8070054C32F /* Book.swift */,
				65EAD52528FEF75A0054C32F /* Assets.xcassets */,
				65EAD52728FEF75A0054C32F /* Preview Content */,
			);
			path = M4;
			sourceTree = "<group>";
		};
		65EAD52728FEF75A0054C32F /* Preview Content */ = {
			isa = PBXGroup;
			children = (
				65EAD52828FEF75A0054C32F /* Preview Assets.xcassets */,
			);
			path = "Preview Content";
			sourceTree = "<group>";
		};
/* End PBXGroup section */

/* Begin PBXNativeTarget section */
		65EAD51D28FEF7580054C32F /* M4 */ = {
			isa = PBXNativeTarget;
			buildConfigurationList = 65EAD52C28FEF75A0054C32F /* Build configuration list for PBXNativeTarget "M4" */;
			buildPhases = (
				65EAD51A28FEF7580054C32F /* Sources */,
				65EAD51B28FEF7580054C32F /* Frameworks */,
				65EAD51C28FEF7580054C32F /* Resources */,
			);
			buildRules = (
			);
			dependencies = (
			);
			name = M4;
			productName = M4;
			productReference = 65EAD51E28FEF7580054C32F /* M4.app */;
			productType = "com.apple.product-type.application";
		};
/* End PBXNativeTarget section */

/* Begin PBXProject section */
		65EAD51628FEF7580054C32F /* Project object */ = {
			isa = PBXProject;
			attributes = {
				BuildIndependentTargetsInParallel = 1;
				LastSwiftUpdateCheck = 1400;
				LastUpgradeCheck = 1400;
				TargetAttributes = {
					65EAD51D28FEF7580054C32F = {
						CreatedOnToolsVersion = 14.0;
					};
				};
			};
			buildConfigurationList = 65EAD51928FEF7580054C32F /* Build configuration list for PBXProject "M4" */;
			compatibilityVersion = "Xcode 14.0";
			developmentRegion = en;
			hasScannedForEncodings = 0;
			knownRegions = (
				en,
				Base,
			);
			mainGroup = 65EAD51528FEF7580054C32F;
			productRefGroup = 65EAD51F28FEF7580054C32F /* Products */;
			projectDirPath = "";
			projectRoot = "";
			targets = (
				65EAD51D28FEF7580054C32F /* M4 */,
			);
		};
/* End PBXProject section */

/* Begin PBXResourcesBuildPhase section */
		65EAD51C28FEF7580054C32F /* Resources */ = {
			isa = PBXResourcesBuildPhase;
			buildActionMask = 2147483647;
			files = (
				65EAD52928FEF75A0054C32F /* Preview Assets.xcassets in Resources */,
				65EAD52628FEF75A0054C32F /* Assets.xcassets in Resources */,
				65EAD53028FEF7AD0054C32F /* Data.json in Resources */,
			);
			runOnlyForDeploymentPostprocessing = 0;
		};
/* End PBXResourcesBuildPhase section */

/* Begin PBXSourcesBuildPhase section */
		65EAD51A28FEF7580054C32F /* Sources */ = {
			isa = PBXSourcesBuildPhase;
			buildActionMask = 2147483647;
			files = (
				65EAD53428FEF8070054C32F /* Book.swift in Sources */,
				65EAD52428FEF7580054C32F /* ContentView.swift in Sources */,
				65EAD53228FEF7DC0054C32F /* ViewModel.swift in Sources */,
				65EAD53828FEFC420054C32F /* ReadingView.swift in Sources */,
				65EAD52228FEF7580054C32F /* M4App.swift in Sources */,
				65EAD53628FEFB420054C32F /* BookView.swift in Sources */,
			);
			runOnlyForDeploymentPostprocessing = 0;
		};
/* End PBXSourcesBuildPhase section */

/* Begin XCBuildConfiguration section */
		65EAD52A28FEF75A0054C32F /* Debug */ = {
			isa = XCBuildConfiguration;
			buildSettings = {
				ALWAYS_SEARCH_USER_PATHS = NO;
				CLANG_ANALYZER_NONNULL = YES;
				CLANG_ANALYZER_NUMBER_OBJECT_CONVERSION = YES_AGGRESSIVE;
				CLANG_CXX_LANGUAGE_STANDARD = "gnu++17";
				CLANG_ENABLE_MODULES = YES;
				CLANG_ENABLE_OBJC_ARC = YES;
				CLANG_ENABLE_OBJC_WEAK = YES;
				CLANG_WARN_BLOCK_CAPTURE_AUTORELEASING = YES;
				CLANG_WARN_BOOL_CONVERSION = YES;
				CLANG_WARN_COMMA = YES;
				CLANG_WARN_CONSTANT_CONVERSION = YES;
				CLANG_WARN_DEPRECATED_OBJC_IMPLEMENTATIONS = YES;
				CLANG_WARN_DIRECT_OBJC_ISA_USAGE = YES_ERROR;
				CLANG_WARN_DOCUMENTATION_COMMENTS = YES;
				CLANG_WARN_EMPTY_BODY = YES;
				CLANG_WARN_ENUM_CONVERSION = YES;
				CLANG_WARN_INFINITE_RECURSION = YES;
				CLANG_WARN_INT_CONVERSION = YES;
				CLANG_WARN_NON_LITERAL_NULL_CONVERSION = YES;
				CLANG_WARN_OBJC_IMPLICIT_RETAIN_SELF = YES;
				CLANG_WARN_OBJC_LITERAL_CONVERSION = YES;
				CLANG_WARN_OBJC_ROOT_CLASS = YES_ERROR;
				CLANG_WARN_QUOTED_INCLUDE_IN_FRAMEWORK_HEADER = YES;
				CLANG_WARN_RANGE_LOOP_ANALYSIS = YES;
				CLANG_WARN_STRICT_PROTOTYPES = YES;
				CLANG_WARN_SUSPICIOUS_MOVE = YES;
				CLANG_WARN_UNGUARDED_AVAILABILITY = YES_AGGRESSIVE;
				CLANG_WARN_UNREACHABLE_CODE = YES;
				CLANG_WARN__DUPLICATE_METHOD_MATCH = YES;
				COPY_PHASE_STRIP = NO;
				DEBUG_INFORMATION_FORMAT = dwarf;
				ENABLE_STRICT_OBJC_MSGSEND = YES;
				ENABLE_TESTABILITY = YES;
				GCC_C_LANGUAGE_STANDARD = gnu11;
				GCC_DYNAMIC_NO_PIC = NO;
				GCC_NO_COMMON_BLOCKS = YES;
				GCC_OPTIMIZATION_LEVEL = 0;
				GCC_PREPROCESSOR_DEFINITIONS = (
					"DEBUG=1",
					"$(inherited)",
				);
				GCC_WARN_64_TO_32_BIT_CONVERSION = YES;
				GCC_WARN_ABOUT_RETURN_TYPE = YES_ERROR;
				GCC_WARN_UNDECLARED_SELECTOR = YES;
				GCC_WARN_UNINITIALIZED_AUTOS = YES_AGGRESSIVE;
				GCC_WARN_UNUSED_FUNCTION = YES;
				GCC_WARN_UNUSED_VARIABLE = YES;
				IPHONEOS_DEPLOYMENT_TARGET = 16.0;
				MTL_ENABLE_DEBUG_INFO = INCLUDE_SOURCE;
				MTL_FAST_MATH = YES;
				ONLY_ACTIVE_ARCH = YES;
				SDKROOT = iphoneos;
				SWIFT_ACTIVE_COMPILATION_CONDITIONS = DEBUG;
				SWIFT_OPTIMIZATION_LEVEL = "-Onone";
			};
			name = Debug;
		};
		65EAD52B28FEF75A0054C32F /* Release */ = {
			isa = XCBuildConfiguration;
			buildSettings = {
				ALWAYS_SEARCH_USER_PATHS = NO;
				CLANG_ANALYZER_NONNULL = YES;
				CLANG_ANALYZER_NUMBER_OBJECT_CONVERSION = YES_AGGRESSIVE;
				CLANG_CXX_LANGUAGE_STANDARD = "gnu++17";
				CLANG_ENABLE_MODULES = YES;
				CLANG_ENABLE_OBJC_ARC = YES;
				CLANG_ENABLE_OBJC_WEAK = YES;
				CLANG_WARN_BLOCK_CAPTURE_AUTORELEASING = YES;
				CLANG_WARN_BOOL_CONVERSION = YES;
				CLANG_WARN_COMMA = YES;
				CLANG_WARN_CONSTANT_CONVERSION = YES;
				CLANG_WARN_DEPRECATED_OBJC_IMPLEMENTATIONS = YES;
				CLANG_WARN_DIRECT_OBJC_ISA_USAGE = YES_ERROR;
				CLANG_WARN_DOCUMENTATION_COMMENTS = YES;
				CLANG_WARN_EMPTY_BODY = YES;
				CLANG_WARN_ENUM_CONVERSION = YES;
				CLANG_WARN_INFINITE_RECURSION = YES;
				CLANG_WARN_INT_CONVERSION = YES;
				CLANG_WARN_NON_LITERAL_NULL_CONVERSION = YES;
				CLANG_WARN_OBJC_IMPLICIT_RETAIN_SELF = YES;
				CLANG_WARN_OBJC_LITERAL_CONVERSION = YES;
				CLANG_WARN_OBJC_ROOT_CLASS = YES_ERROR;
				CLANG_WARN_QUOTED_INCLUDE_IN_FRAMEWORK_HEADER = YES;
				CLANG_WARN_RANGE_LOOP_ANALYSIS = YES;
				CLANG_WARN_STRICT_PROTOTYPES = YES;
				CLANG_WARN_SUSPICIOUS_MOVE = YES;
				CLANG_WARN_UNGUARDED_AVAILABILITY = YES_AGGRESSIVE;
				CLANG_WARN_UNREACHABLE_CODE = YES;
				CLANG_WARN__DUPLICATE_METHOD_MATCH = YES;
				COPY_PHASE_STRIP = NO;
				DEBUG_INFORMATION_FORMAT = "dwarf-with-dsym";
				ENABLE_NS_ASSERTIONS = NO;
				ENABLE_STRICT_OBJC_MSGSEND = YES;
				GCC_C_LANGUAGE_STANDARD = gnu11;
				GCC_NO_COMMON_BLOCKS = YES;
				GCC_WARN_64_TO_32_BIT_CONVERSION = YES;
				GCC_WARN_ABOUT_RETURN_TYPE = YES_ERROR;
				GCC_WARN_UNDECLARED_SELECTOR = YES;
				GCC_WARN_UNINITIALIZED_AUTOS = YES_AGGRESSIVE;
				GCC_WARN_UNUSED_FUNCTION = YES;
				GCC_WARN_UNUSED_VARIABLE = YES;
				IPHONEOS_DEPLOYMENT_TARGET = 16.0;
				MTL_ENABLE_DEBUG_INFO = NO;
				MTL_FAST_MATH = YES;
				SDKROOT = iphoneos;
				SWIFT_COMPILATION_MODE = wholemodule;
				SWIFT_OPTIMIZATION_LEVEL = "-O";
				VALIDATE_PRODUCT = YES;
			};
			name = Release;
		};
		65EAD52D28FEF75A0054C32F /* Debug */ = {
			isa = XCBuildConfiguration;
			buildSettings = {
				ASSETCATALOG_COMPILER_APPICON_NAME = AppIcon;
				ASSETCATALOG_COMPILER_GLOBAL_ACCENT_COLOR_NAME = AccentColor;
				CODE_SIGN_STYLE = Automatic;
				CURRENT_PROJECT_VERSION = 1;
				DEVELOPMENT_ASSET_PATHS = "\"M4/Preview Content\"";
				DEVELOPMENT_TEAM = ANFCL46LUP;
				ENABLE_PREVIEWS = YES;
				GENERATE_INFOPLIST_FILE = YES;
				INFOPLIST_KEY_UIApplicationSceneManifest_Generation = YES;
				INFOPLIST_KEY_UIApplicationSupportsIndirectInputEvents = YES;
				INFOPLIST_KEY_UILaunchScreen_Generation = YES;
				INFOPLIST_KEY_UISupportedInterfaceOrientations_iPad = "UIInterfaceOrientationPortrait UIInterfaceOrientationPortraitUpsideDown UIInterfaceOrientationLandscapeLeft UIInterfaceOrientationLandscapeRight";
				INFOPLIST_KEY_UISupportedInterfaceOrientations_iPhone = "UIInterfaceOrientationPortrait UIInterfaceOrientationLandscapeLeft UIInterfaceOrientationLandscapeRight";
				LD_RUNPATH_SEARCH_PATHS = (
					"$(inherited)",
					"@executable_path/Frameworks",
				);
				MARKETING_VERSION = 1.0;
				PRODUCT_BUNDLE_IDENTIFIER = au.tomz.M4;
				PRODUCT_NAME = "$(TARGET_NAME)";
				SWIFT_EMIT_LOC_STRINGS = YES;
				SWIFT_VERSION = 5.0;
				TARGETED_DEVICE_FAMILY = "1,2";
			};
			name = Debug;
		};
		65EAD52E28FEF75A0054C32F /* Release */ = {
			isa = XCBuildConfiguration;
			buildSettings = {
				ASSETCATALOG_COMPILER_APPICON_NAME = AppIcon;
				ASSETCATALOG_COMPILER_GLOBAL_ACCENT_COLOR_NAME = AccentColor;
				CODE_SIGN_STYLE = Automatic;
				CURRENT_PROJECT_VERSION = 1;
				DEVELOPMENT_ASSET_PATHS = "\"M4/Preview Content\"";
				DEVELOPMENT_TEAM = ANFCL46LUP;
				ENABLE_PREVIEWS = YES;
				GENERATE_INFOPLIST_FILE = YES;
				INFOPLIST_KEY_UIApplicationSceneManifest_Generation = YES;
				INFOPLIST_KEY_UIApplicationSupportsIndirectInputEvents = YES;
				INFOPLIST_KEY_UILaunchScreen_Generation = YES;
				INFOPLIST_KEY_UISupportedInterfaceOrientations_iPad = "UIInterfaceOrientationPortrait UIInterfaceOrientationPortraitUpsideDown UIInterfaceOrientationLandscapeLeft UIInterfaceOrientationLandscapeRight";
				INFOPLIST_KEY_UISupportedInterfaceOrientations_iPhone = "UIInterfaceOrientationPortrait UIInterfaceOrientationLandscapeLeft UIInterfaceOrientationLandscapeRight";
				LD_RUNPATH_SEARCH_PATHS = (
					"$(inherited)",
					"@executable_path/Frameworks",
				);
				MARKETING_VERSION = 1.0;
				PRODUCT_BUNDLE_IDENTIFIER = au.tomz.M4;
				PRODUCT_NAME = "$(TARGET_NAME)";
				SWIFT_EMIT_LOC_STRINGS = YES;
				SWIFT_VERSION = 5.0;
				TARGETED_DEVICE_FAMILY = "1,2";
			};
			name = Release;
		};
/* End XCBuildConfiguration section */

/* Begin XCConfigurationList section */
		65EAD51928FEF7580054C32F /* Build configuration list for PBXProject "M4" */ = {
			isa = XCConfigurationList;
			buildConfigurations = (
				65EAD52A28FEF75A0054C32F /* Debug */,
				65EAD52B28FEF75A0054C32F /* Release */,
			);
			defaultConfigurationIsVisible = 0;
			defaultConfigurationName = Release;
		};
		65EAD52C28FEF75A0054C32F /* Build configuration list for PBXNativeTarget "M4" */ = {
			isa = XCConfigurationList;
			buildConfigurations = (
				65EAD52D28FEF75A0054C32F /* Debug */,
				65EAD52E28FEF75A0054C32F /* Release */,
			);
			defaultConfigurationIsVisible = 0;
			defaultConfigurationName = Release;
		};
/* End XCConfigurationList section */
	};
	rootObject = 65EAD51628FEF7580054C32F /* Project object */;
}
